
Microsoft Visual Studio Solution File, Format Version 10.00
# Visual Studio 2008
Project("{FAE04EC0-301F-11D3-BF4B-00C04F79EFBC}") = "AsciiTabGen", "AsciiTabGen\AsciiTabGen.csproj", "{EFE7A702-CC66-4158-AA2A-C926A4924823}"
EndProject
Global
	GlobalSection(SolutionConfigurationPlatforms) = preSolution
		Debug|Any CPU = Debug|Any CPU
		Release|Any CPU = Release|Any CPU
	EndGlobalSection
	GlobalSection(ProjectConfigurationPlatforms) = postSolution
		{EFE7A702-CC66-4158-AA2A-C926A4924823}.Debug|Any CPU.ActiveCfg = Debug|Any CPU
		{EFE7A702-CC66-4158-AA2A-C926A4924823}.Debug|Any CPU.Build.0 = Debug|Any CPU
		{EFE7A702-CC66-4158-AA2A-C926A4924823}.Release|Any CPU.ActiveCfg = Release|Any CPU
		{EFE7A702-CC66-4158-AA2A-C926A4924823}.Release|Any CPU.Build.0 = Release|Any CPU
	EndGlobalSection
	GlobalSection(SolutionProperties) = preSolution
		HideSolutionNode = FALSE
	EndGlobalSection
EndGlobal
